lockfileVersion: '6.0'

settings:
  autoInstallPeers: true
  excludeLinksFromLockfile: false

dependencies:
  ws:
    specifier: ^8.16.0
    version: 8.16.0
  node-forge:
    specifier: ^1.3.1
    version: 1.3.1

packages:

  /ws@8.16.0:
    resolution: {integrity: sha512-HS0c//TP7Ina87TfiPUz1rQzMhHrl/SG2guqRcTDpKeAe3kKU6QKXkiAN+JdqzMnAc62ZpOwjg/RNpRU=}
    engines: {node: '>=10.0.0'}
    peerDependencies:
      bufferutil: ^4.0.1
      utf-8-validate: '>=5.0.2'
    peerDependenciesMeta:
      bufferutil:
        optional: true
      utf-8-validate:
        optional: true
    dev: false

  /node-forge@1.3.1:
    resolution: {integrity: sha512-dPEtOeMvF9VMcYV/1Wb8CPoVAXtp6/oM7iuqLTlDbd1pouyaqgpBkBAcxAMrCRFAWUubFZ+YshV/zpDJWfIg==}
    engines: {node: '>= 6.13.0'}
    dev: false
